
Microsoft Visual Studio Solution File, Format Version 12.00
# Visual Studio Version 17
VisualStudioVersion = 17.11.35327.3
MinimumVisualStudioVersion = 10.0.40219.1
Project("{FAE04EC0-301F-11D3-BF4B-00C04F79EFBC}") = "Disk Monitor", "Disk Monitor\Disk Monitor.csproj", "{682CAEB5-BA69-47E3-AB1F-8E1645077A9F}"
EndProject
Global
	GlobalSection(SolutionConfigurationPlatforms) = preSolution
		Debug|Any CPU = Debug|Any CPU
		Release|Any CPU = Release|Any CPU
	EndGlobalSection
	GlobalSection(ProjectConfigurationPlatforms) = postSolution
		{682CAEB5-BA69-47E3-AB1F-8E1645077A9F}.Debug|Any CPU.ActiveCfg = Debug|Any CPU
		{682CAEB5-BA69-47E3-AB1F-8E1645077A9F}.Debug|Any CPU.Build.0 = Debug|Any CPU
		{682CAEB5-BA69-47E3-AB1F-8E1645077A9F}.Release|Any CPU.ActiveCfg = Release|Any CPU
		{682CAEB5-BA69-47E3-AB1F-8E1645077A9F}.Release|Any CPU.Build.0 = Release|Any CPU
	EndGlobalSection
	GlobalSection(SolutionProperties) = preSolution
		HideSolutionNode = FALSE
	EndGlobalSection
	GlobalSection(ExtensibilityGlobals) = postSolution
		SolutionGuid = {2B6361BA-A698-4C46-B2D9-5E3B858242B2}
	EndGlobalSection
EndGlobal
